# THIS IS AN AUTOGENERATED FILE. DO NOT EDIT THIS FILE DIRECTLY.
# yarn lockfile v1


"@vuepress/plugin-google-analytics@^1.2.0":
  version "1.7.1"
  resolved "https://registry.yarnpkg.com/@vuepress/plugin-google-analytics/-/plugin-google-analytics-1.7.1.tgz#c337e13c8a27f6fea911a04db22a3f3596a571fb"
  integrity sha512-27fQzRMsqGYpMf+ruyhsdfLv/n6z6b6LutFLE/pH66Itlh6ox9ew31x0pqYBbWIC/a4lBfXYUwFvi+DEvlb1EQ==
